# Generated by pub
# See https://dart.dev/tools/pub/glossary#lockfile
packages:
  adaptive_number:
    dependency: transitive
    description:
      name: adaptive_number
      sha256: "3a567544e9b5c9c803006f51140ad544aedc79604fd4f3f2c1380003f97c1d77"
      url: "https://pub.dev"
    source: hosted
    version: "1.0.0"
  async:
    dependency: transitive
    description:
      name: async
      sha256: "947bfcf187f74dbc5e146c9eb9c0f10c9f8b30743e341481c1e2ed3ecc18c20c"
      url: "https://pub.dev"
    source: hosted
    version: "2.11.0"
  base_x:
    dependency: transitive
    description:
      name: base_x
      sha256: "519abcdafd637d4b6bd7e72fabd8f9264935f804b9b9f6c5d8411c7d52cbf8fd"
      url: "https://pub.dev"
    source: hosted
    version: "2.0.1"
  clock:
    dependency: transitive
    description:
      name: clock
      sha256: cb6d7f03e1de671e34607e909a7213e31d7752be4fb66a86d29fe1eb14bfb5cf
      url: "https://pub.dev"
    source: hosted
    version: "1.1.1"
  collection:
    dependency: transitive
    description:
      name: collection
      sha256: ee67cb0715911d28db6bf4af1026078bd6f0128b07a5f66fb2ed94ec6783c09a
      url: "https://pub.dev"
    source: hosted
    version: "1.18.0"
  convert:
    dependency: transitive
    description:
      name: convert
      sha256: "0f08b14755d163f6e2134cb58222dd25ea2a2ee8a195e53983d57c075324d592"
      url: "https://pub.dev"
    source: hosted
    version: "3.1.1"
  crypto:
    dependency: transitive
    description:
      name: crypto
      sha256: ff625774173754681d66daaf4a448684fb04b78f902da9cb3d308c19cc5e8bab
      url: "https://pub.dev"
    source: hosted
    version: "3.0.3"
  dart_jsonwebtoken:
    dependency: transitive
    description:
      name: dart_jsonwebtoken
      sha256: "063c20d3cee2b626d8a789ba9df0ad21f35012c4e9bd846ce50e921d77123df7"
      url: "https://pub.dev"
    source: hosted
    version: "2.12.2"
  decimal:
    dependency: transitive
    description:
      name: decimal
      sha256: "24a261d5d5c87e86c7651c417a5dbdf8bcd7080dd592533910e8d0505a279f21"
      url: "https://pub.dev"
    source: hosted
    version: "2.3.3"
  dio:
    dependency: transitive
    description:
      name: dio
      sha256: "797e1e341c3dd2f69f2dad42564a6feff3bfb87187d05abb93b9609e6f1645c3"
      url: "https://pub.dev"
    source: hosted
    version: "5.4.0"
  ed25519_edwards:
    dependency: transitive
    description:
      name: ed25519_edwards
      sha256: "6ce0112d131327ec6d42beede1e5dfd526069b18ad45dcf654f15074ad9276cd"
      url: "https://pub.dev"
    source: hosted
    version: "0.3.1"
  edwards25519:
    dependency: transitive
    description:
      name: edwards25519
      sha256: "48e4678136e362bed9790dfb716ebe8e2f34f026bdb900b058214620672c6273"
      url: "https://pub.dev"
    source: hosted
    version: "1.0.4"
  enum_to_string:
    dependency: transitive
    description:
      name: enum_to_string
      sha256: bd9e83a33b754cb43a75b36a9af2a0b92a757bfd9847d2621ca0b1bed45f8e7a
      url: "https://pub.dev"
    source: hosted
    version: "2.0.1"
  equatable:
    dependency: transitive
    description:
      name: equatable
      sha256: c2b87cb7756efdf69892005af546c56c0b5037f54d2a88269b4f347a505e3ca2
      url: "https://pub.dev"
    source: hosted
    version: "2.0.5"
  fixnum:
    dependency: transitive
    description:
      name: fixnum
      sha256: "25517a4deb0c03aa0f32fd12db525856438902d9c16536311e76cdc57b31d7d1"
      url: "https://pub.dev"
    source: hosted
    version: "1.1.0"
  http_parser:
    dependency: transitive
    description:
      name: http_parser
      sha256: "2aa08ce0341cc9b354a498388e30986515406668dbcc4f7c950c3e715496693b"
      url: "https://pub.dev"
    source: hosted
    version: "4.0.2"
  js:
    dependency: transitive
    description:
      name: js
      sha256: f2c445dce49627136094980615a031419f7f3eb393237e4ecd97ac15dea343f3
      url: "https://pub.dev"
    source: hosted
    version: "0.6.7"
  json_annotation:
    dependency: transitive
    description:
      name: json_annotation
      sha256: b10a7b2ff83d83c777edba3c6a0f97045ddadd56c944e1a23a3fdf43a1bf4467
      url: "https://pub.dev"
    source: hosted
    version: "4.8.1"
  meta:
    dependency: transitive
    description:
      name: meta
      sha256: d584fa6707a52763a52446f02cc621b077888fb63b93bbcb1143a7be5a0c0c04
      url: "https://pub.dev"
    source: hosted
    version: "1.11.0"
  mixin_bot_sdk_dart:
    dependency: "direct main"
    description:
      path: ".."
      relative: true
    source: path
    version: "1.1.0"
  path:
    dependency: transitive
    description:
      name: path
      sha256: "087ce49c3f0dc39180befefc60fdb4acd8f8620e5682fe2476afd0b3688bb4af"
      url: "https://pub.dev"
    source: hosted
    version: "1.9.0"
  pointycastle:
    dependency: transitive
    description:
      name: pointycastle
      sha256: "43ac87de6e10afabc85c445745a7b799e04de84cebaa4fd7bf55a5e1e9604d29"
      url: "https://pub.dev"
    source: hosted
    version: "3.7.4"
  rational:
    dependency: transitive
    description:
      name: rational
      sha256: ba58e9e18df9abde280e8b10051e4bce85091e41e8e7e411b6cde2e738d357cf
      url: "https://pub.dev"
    source: hosted
    version: "2.2.2"
  recase:
    dependency: transitive
    description:
      name: recase
      sha256: e4eb4ec2dcdee52dcf99cb4ceabaffc631d7424ee55e56f280bc039737f89213
      url: "https://pub.dev"
    source: hosted
    version: "4.1.0"
  source_span:
    dependency: transitive
    description:
      name: source_span
      sha256: "53e943d4206a5e30df338fd4c6e7a077e02254531b138a15aec3bd143c1a8b3c"
      url: "https://pub.dev"
    source: hosted
    version: "1.10.0"
  sprintf:
    dependency: transitive
    description:
      name: sprintf
      sha256: "1fc9ffe69d4df602376b52949af107d8f5703b77cda567c4d7d86a0693120f23"
      url: "https://pub.dev"
    source: hosted
    version: "7.0.0"
  string_scanner:
    dependency: transitive
    description:
      name: string_scanner
      sha256: "556692adab6cfa87322a115640c11f13cb77b3f076ddcc5d6ae3c20242bedcde"
      url: "https://pub.dev"
    source: hosted
    version: "1.2.0"
  term_glyph:
    dependency: transitive
    description:
      name: term_glyph
      sha256: a29248a84fbb7c79282b40b8c72a1209db169a2e0542bce341da992fe1bc7e84
      url: "https://pub.dev"
    source: hosted
    version: "1.2.1"
  thirds:
    dependency: transitive
    description:
      name: thirds
      sha256: c4b90a4e7f2deac52ebcf22dc7ebbc702578a063a739b3c31e4259a884abb951
      url: "https://pub.dev"
    source: hosted
    version: "0.2.0-alpha.1"
  typed_data:
    dependency: transitive
    description:
      name: typed_data
      sha256: facc8d6582f16042dd49f2463ff1bd6e2c9ef9f3d5da3d9b087e244a7b564b3c
      url: "https://pub.dev"
    source: hosted
    version: "1.3.2"
  uuid:
    dependency: transitive
    description:
      name: uuid
      sha256: bb55f38968b9427ce5dcdb8aaaa41049282195e0cfa4cf48593572fa3d1f36bc
      url: "https://pub.dev"
    source: hosted
    version: "4.3.1"
  x25519:
    dependency: transitive
    description:
      name: x25519
      sha256: cec3c125f0d934dccba6c4cab48f3fbf866dc78895dcc5a1584d35b0a845005b
      url: "https://pub.dev"
    source: hosted
    version: "0.1.1"
sdks:
  dart: ">=3.0.5 <4.0.0"
